
Microsoft Visual Studio Solution File, Format Version 12.00
# Visual Studio 2013
VisualStudioVersion = 12.0.40629.0
MinimumVisualStudioVersion = 10.0.40219.1
Project("{FAE04EC0-301F-11D3-BF4B-00C04F79EFBC}") = "Web", "Web\Web.csproj", "{931E8D1F-FD0B-48B9-A9DA-173FEBA3B871}"
EndProject
Project("{FAE04EC0-301F-11D3-BF4B-00C04F79EFBC}") = "Devin.Models", "Devin.Models\Devin.Models.csproj", "{5A304E01-BBFF-42B6-88CE-6D88DC88E99B}"
EndProject
Project("{FAE04EC0-301F-11D3-BF4B-00C04F79EFBC}") = "Devin.BLL", "Devin.BLL\Devin.BLL.csproj", "{BE2300DD-E126-40B7-B0A7-3A2C06536393}"
EndProject
Project("{FAE04EC0-301F-11D3-BF4B-00C04F79EFBC}") = "Devin.IBLL", "Devin.IBLL\Devin.IBLL.csproj", "{10341305-BB39-4687-A2C4-5BA4C103C867}"
EndProject
Project("{FAE04EC0-301F-11D3-BF4B-00C04F79EFBC}") = "Devin.IDataAccess", "Devin.IDataAccess\Devin.IDataAccess.csproj", "{A5888858-CADC-4D7C-9DCB-F516C872F0B6}"
EndProject
Project("{FAE04EC0-301F-11D3-BF4B-00C04F79EFBC}") = "Devin.Common", "Devin.Common\Devin.Common.csproj", "{CF139E9E-6629-42CF-BCE1-EA05C7B02770}"
EndProject
Project("{FAE04EC0-301F-11D3-BF4B-00C04F79EFBC}") = "Devin.DataAccess", "Devin.DataAccess\Devin.DataAccess.csproj", "{308C2A49-C717-44DC-AA25-2E5F90939AB4}"
EndProject
Project("{2150E333-8FDC-42A3-9474-1A3956D46DE8}") = "interface", "interface", "{FCDB6E9A-5B4E-4FB7-8EFF-A506C98AA01B}"
EndProject
Project("{2150E333-8FDC-42A3-9474-1A3956D46DE8}") = "implement", "implement", "{5423EDE8-18C8-4BD0-A51A-33832B62F65E}"
EndProject
Project("{2150E333-8FDC-42A3-9474-1A3956D46DE8}") = "Model", "Model", "{44677631-3E8E-4AD0-B70A-FB79D950A36C}"
EndProject
Project("{FAE04EC0-301F-11D3-BF4B-00C04F79EFBC}") = "Devin.ModelsDemo", "Devin.ModelsDemo\Devin.ModelsDemo.csproj", "{E6C8795B-17DB-4228-B592-AB5B001C2988}"
EndProject
Project("{2150E333-8FDC-42A3-9474-1A3956D46DE8}") = "ModelDemo", "ModelDemo", "{ED33C20D-72DD-40D6-967D-9AA5C750C95A}"
EndProject
Global
	GlobalSection(SolutionConfigurationPlatforms) = preSolution
		Debug|Any CPU = Debug|Any CPU
		Release|Any CPU = Release|Any CPU
	EndGlobalSection
	GlobalSection(ProjectConfigurationPlatforms) = postSolution
		{931E8D1F-FD0B-48B9-A9DA-173FEBA3B871}.Debug|Any CPU.ActiveCfg = Debug|Any CPU
		{931E8D1F-FD0B-48B9-A9DA-173FEBA3B871}.Debug|Any CPU.Build.0 = Debug|Any CPU
		{931E8D1F-FD0B-48B9-A9DA-173FEBA3B871}.Release|Any CPU.ActiveCfg = Release|Any CPU
		{931E8D1F-FD0B-48B9-A9DA-173FEBA3B871}.Release|Any CPU.Build.0 = Release|Any CPU
		{5A304E01-BBFF-42B6-88CE-6D88DC88E99B}.Debug|Any CPU.ActiveCfg = Debug|Any CPU
		{5A304E01-BBFF-42B6-88CE-6D88DC88E99B}.Debug|Any CPU.Build.0 = Debug|Any CPU
		{5A304E01-BBFF-42B6-88CE-6D88DC88E99B}.Release|Any CPU.ActiveCfg = Release|Any CPU
		{5A304E01-BBFF-42B6-88CE-6D88DC88E99B}.Release|Any CPU.Build.0 = Release|Any CPU
		{BE2300DD-E126-40B7-B0A7-3A2C06536393}.Debug|Any CPU.ActiveCfg = Debug|Any CPU
		{BE2300DD-E126-40B7-B0A7-3A2C06536393}.Debug|Any CPU.Build.0 = Debug|Any CPU
		{BE2300DD-E126-40B7-B0A7-3A2C06536393}.Release|Any CPU.ActiveCfg = Release|Any CPU
		{BE2300DD-E126-40B7-B0A7-3A2C06536393}.Release|Any CPU.Build.0 = Release|Any CPU
		{10341305-BB39-4687-A2C4-5BA4C103C867}.Debug|Any CPU.ActiveCfg = Debug|Any CPU
		{10341305-BB39-4687-A2C4-5BA4C103C867}.Debug|Any CPU.Build.0 = Debug|Any CPU
		{10341305-BB39-4687-A2C4-5BA4C103C867}.Release|Any CPU.ActiveCfg = Release|Any CPU
		{10341305-BB39-4687-A2C4-5BA4C103C867}.Release|Any CPU.Build.0 = Release|Any CPU
		{A5888858-CADC-4D7C-9DCB-F516C872F0B6}.Debug|Any CPU.ActiveCfg = Debug|Any CPU
		{A5888858-CADC-4D7C-9DCB-F516C872F0B6}.Debug|Any CPU.Build.0 = Debug|Any CPU
		{A5888858-CADC-4D7C-9DCB-F516C872F0B6}.Release|Any CPU.ActiveCfg = Release|Any CPU
		{A5888858-CADC-4D7C-9DCB-F516C872F0B6}.Release|Any CPU.Build.0 = Release|Any CPU
		{CF139E9E-6629-42CF-BCE1-EA05C7B02770}.Debug|Any CPU.ActiveCfg = Debug|Any CPU
		{CF139E9E-6629-42CF-BCE1-EA05C7B02770}.Debug|Any CPU.Build.0 = Debug|Any CPU
		{CF139E9E-6629-42CF-BCE1-EA05C7B02770}.Release|Any CPU.ActiveCfg = Release|Any CPU
		{CF139E9E-6629-42CF-BCE1-EA05C7B02770}.Release|Any CPU.Build.0 = Release|Any CPU
		{308C2A49-C717-44DC-AA25-2E5F90939AB4}.Debug|Any CPU.ActiveCfg = Debug|Any CPU
		{308C2A49-C717-44DC-AA25-2E5F90939AB4}.Debug|Any CPU.Build.0 = Debug|Any CPU
		{308C2A49-C717-44DC-AA25-2E5F90939AB4}.Release|Any CPU.ActiveCfg = Release|Any CPU
		{308C2A49-C717-44DC-AA25-2E5F90939AB4}.Release|Any CPU.Build.0 = Release|Any CPU
		{E6C8795B-17DB-4228-B592-AB5B001C2988}.Debug|Any CPU.ActiveCfg = Debug|Any CPU
		{E6C8795B-17DB-4228-B592-AB5B001C2988}.Debug|Any CPU.Build.0 = Debug|Any CPU
		{E6C8795B-17DB-4228-B592-AB5B001C2988}.Release|Any CPU.ActiveCfg = Release|Any CPU
		{E6C8795B-17DB-4228-B592-AB5B001C2988}.Release|Any CPU.Build.0 = Release|Any CPU
	EndGlobalSection
	GlobalSection(SolutionProperties) = preSolution
		HideSolutionNode = FALSE
	EndGlobalSection
	GlobalSection(NestedProjects) = preSolution
		{5A304E01-BBFF-42B6-88CE-6D88DC88E99B} = {44677631-3E8E-4AD0-B70A-FB79D950A36C}
		{BE2300DD-E126-40B7-B0A7-3A2C06536393} = {5423EDE8-18C8-4BD0-A51A-33832B62F65E}
		{10341305-BB39-4687-A2C4-5BA4C103C867} = {FCDB6E9A-5B4E-4FB7-8EFF-A506C98AA01B}
		{A5888858-CADC-4D7C-9DCB-F516C872F0B6} = {FCDB6E9A-5B4E-4FB7-8EFF-A506C98AA01B}
		{CF139E9E-6629-42CF-BCE1-EA05C7B02770} = {44677631-3E8E-4AD0-B70A-FB79D950A36C}
		{308C2A49-C717-44DC-AA25-2E5F90939AB4} = {5423EDE8-18C8-4BD0-A51A-33832B62F65E}
		{E6C8795B-17DB-4228-B592-AB5B001C2988} = {ED33C20D-72DD-40D6-967D-9AA5C750C95A}
	EndGlobalSection
EndGlobal
